
Microsoft Visual Studio Solution File, Format Version 12.00
# Visual Studio Version 17
VisualStudioVersion = 17.3.32901.215
MinimumVisualStudioVersion = 10.0.40219.1
Project("{8BC9CEB8-8B4A-11D0-8D11-00A0C91BC942}") = "Lab1_0", "Lab1_0\Lab1_0.vcxproj", "{A9002E64-73B7-4F90-B035-CF9ED85FF74A}"
EndProject
Project("{8BC9CEB8-8B4A-11D0-8D11-00A0C91BC942}") = "Lab1_1", "Lab1_1\Lab1_1.vcxproj", "{EDF703AA-9F1D-42C6-B9D4-8111869D10BD}"
EndProject
Project("{8BC9CEB8-8B4A-11D0-8D11-00A0C91BC942}") = "Lab1_1_2", "Lab1_1_2\Lab1_1_2.vcxproj", "{CFEFFC3A-9403-4A3F-BADB-372DBFDE9E12}"
EndProject
Project("{8BC9CEB8-8B4A-11D0-8D11-00A0C91BC942}") = "Lab1_modified", "Lab1_modified\Lab1_modified.vcxproj", "{5444E77C-3FBB-4346-9D96-9C79E165202A}"
EndProject
Project("{888888A0-9F3D-457C-B088-3A5042F75D52}") = "Lab2_IDFS_1", "Lab2_IDFS_1\Lab2_IDFS_1.pyproj", "{6BE92AE4-3719-4232-9801-1CE5077E709A}"
EndProject
Project("{888888A0-9F3D-457C-B088-3A5042F75D52}") = "Lab2_A_star_1", "Lab2_A_star_1\Lab2_A_star_1.pyproj", "{70F2DB4A-2751-49A3-B7BE-D4C5666FDB44}"
EndProject
Global
	GlobalSection(SolutionConfigurationPlatforms) = preSolution
		Debug|Any CPU = Debug|Any CPU
		Debug|x64 = Debug|x64
		Debug|x86 = Debug|x86
		Release|Any CPU = Release|Any CPU
		Release|x64 = Release|x64
		Release|x86 = Release|x86
	EndGlobalSection
	GlobalSection(ProjectConfigurationPlatforms) = postSolution
		{A9002E64-73B7-4F90-B035-CF9ED85FF74A}.Debug|Any CPU.ActiveCfg = Debug|x64
		{A9002E64-73B7-4F90-B035-CF9ED85FF74A}.Debug|Any CPU.Build.0 = Debug|x64
		{A9002E64-73B7-4F90-B035-CF9ED85FF74A}.Debug|x64.ActiveCfg = Debug|x64
		{A9002E64-73B7-4F90-B035-CF9ED85FF74A}.Debug|x64.Build.0 = Debug|x64
		{A9002E64-73B7-4F90-B035-CF9ED85FF74A}.Debug|x86.ActiveCfg = Debug|Win32
		{A9002E64-73B7-4F90-B035-CF9ED85FF74A}.Debug|x86.Build.0 = Debug|Win32
		{A9002E64-73B7-4F90-B035-CF9ED85FF74A}.Release|Any CPU.ActiveCfg = Release|x64
		{A9002E64-73B7-4F90-B035-CF9ED85FF74A}.Release|Any CPU.Build.0 = Release|x64
		{A9002E64-73B7-4F90-B035-CF9ED85FF74A}.Release|x64.ActiveCfg = Release|x64
		{A9002E64-73B7-4F90-B035-CF9ED85FF74A}.Release|x64.Build.0 = Release|x64
		{A9002E64-73B7-4F90-B035-CF9ED85FF74A}.Release|x86.ActiveCfg = Release|Win32
		{A9002E64-73B7-4F90-B035-CF9ED85FF74A}.Release|x86.Build.0 = Release|Win32
		{EDF703AA-9F1D-42C6-B9D4-8111869D10BD}.Debug|Any CPU.ActiveCfg = Debug|x64
		{EDF703AA-9F1D-42C6-B9D4-8111869D10BD}.Debug|Any CPU.Build.0 = Debug|x64
		{EDF703AA-9F1D-42C6-B9D4-8111869D10BD}.Debug|x64.ActiveCfg = Debug|x64
		{EDF703AA-9F1D-42C6-B9D4-8111869D10BD}.Debug|x64.Build.0 = Debug|x64
		{EDF703AA-9F1D-42C6-B9D4-8111869D10BD}.Debug|x86.ActiveCfg = Debug|Win32
		{EDF703AA-9F1D-42C6-B9D4-8111869D10BD}.Debug|x86.Build.0 = Debug|Win32
		{EDF703AA-9F1D-42C6-B9D4-8111869D10BD}.Release|Any CPU.ActiveCfg = Release|x64
		{EDF703AA-9F1D-42C6-B9D4-8111869D10BD}.Release|Any CPU.Build.0 = Release|x64
		{EDF703AA-9F1D-42C6-B9D4-8111869D10BD}.Release|x64.ActiveCfg = Release|x64
		{EDF703AA-9F1D-42C6-B9D4-8111869D10BD}.Release|x64.Build.0 = Release|x64
		{EDF703AA-9F1D-42C6-B9D4-8111869D10BD}.Release|x86.ActiveCfg = Release|Win32
		{EDF703AA-9F1D-42C6-B9D4-8111869D10BD}.Release|x86.Build.0 = Release|Win32
		{CFEFFC3A-9403-4A3F-BADB-372DBFDE9E12}.Debug|Any CPU.ActiveCfg = Debug|x64
		{CFEFFC3A-9403-4A3F-BADB-372DBFDE9E12}.Debug|Any CPU.Build.0 = Debug|x64
		{CFEFFC3A-9403-4A3F-BADB-372DBFDE9E12}.Debug|x64.ActiveCfg = Debug|x64
		{CFEFFC3A-9403-4A3F-BADB-372DBFDE9E12}.Debug|x64.Build.0 = Debug|x64
		{CFEFFC3A-9403-4A3F-BADB-372DBFDE9E12}.Debug|x86.ActiveCfg = Debug|Win32
		{CFEFFC3A-9403-4A3F-BADB-372DBFDE9E12}.Debug|x86.Build.0 = Debug|Win32
		{CFEFFC3A-9403-4A3F-BADB-372DBFDE9E12}.Release|Any CPU.ActiveCfg = Release|x64
		{CFEFFC3A-9403-4A3F-BADB-372DBFDE9E12}.Release|Any CPU.Build.0 = Release|x64
		{CFEFFC3A-9403-4A3F-BADB-372DBFDE9E12}.Release|x64.ActiveCfg = Release|x64
		{CFEFFC3A-9403-4A3F-BADB-372DBFDE9E12}.Release|x64.Build.0 = Release|x64
		{CFEFFC3A-9403-4A3F-BADB-372DBFDE9E12}.Release|x86.ActiveCfg = Release|Win32
		{CFEFFC3A-9403-4A3F-BADB-372DBFDE9E12}.Release|x86.Build.0 = Release|Win32
		{5444E77C-3FBB-4346-9D96-9C79E165202A}.Debug|Any CPU.ActiveCfg = Debug|x64
		{5444E77C-3FBB-4346-9D96-9C79E165202A}.Debug|Any CPU.Build.0 = Debug|x64
		{5444E77C-3FBB-4346-9D96-9C79E165202A}.Debug|x64.ActiveCfg = Debug|x64
		{5444E77C-3FBB-4346-9D96-9C79E165202A}.Debug|x64.Build.0 = Debug|x64
		{5444E77C-3FBB-4346-9D96-9C79E165202A}.Debug|x86.ActiveCfg = Debug|Win32
		{5444E77C-3FBB-4346-9D96-9C79E165202A}.Debug|x86.Build.0 = Debug|Win32
		{5444E77C-3FBB-4346-9D96-9C79E165202A}.Release|Any CPU.ActiveCfg = Release|x64
		{5444E77C-3FBB-4346-9D96-9C79E165202A}.Release|Any CPU.Build.0 = Release|x64
		{5444E77C-3FBB-4346-9D96-9C79E165202A}.Release|x64.ActiveCfg = Release|x64
		{5444E77C-3FBB-4346-9D96-9C79E165202A}.Release|x64.Build.0 = Release|x64
		{5444E77C-3FBB-4346-9D96-9C79E165202A}.Release|x86.ActiveCfg = Release|Win32
		{5444E77C-3FBB-4346-9D96-9C79E165202A}.Release|x86.Build.0 = Release|Win32
		{6BE92AE4-3719-4232-9801-1CE5077E709A}.Debug|Any CPU.ActiveCfg = Debug|Any CPU
		{6BE92AE4-3719-4232-9801-1CE5077E709A}.Debug|x64.ActiveCfg = Debug|Any CPU
		{6BE92AE4-3719-4232-9801-1CE5077E709A}.Debug|x86.ActiveCfg = Debug|Any CPU
		{6BE92AE4-3719-4232-9801-1CE5077E709A}.Release|Any CPU.ActiveCfg = Release|Any CPU
		{6BE92AE4-3719-4232-9801-1CE5077E709A}.Release|x64.ActiveCfg = Release|Any CPU
		{6BE92AE4-3719-4232-9801-1CE5077E709A}.Release|x86.ActiveCfg = Release|Any CPU
		{70F2DB4A-2751-49A3-B7BE-D4C5666FDB44}.Debug|Any CPU.ActiveCfg = Debug|Any CPU
		{70F2DB4A-2751-49A3-B7BE-D4C5666FDB44}.Debug|x64.ActiveCfg = Debug|Any CPU
		{70F2DB4A-2751-49A3-B7BE-D4C5666FDB44}.Debug|x86.ActiveCfg = Debug|Any CPU
		{70F2DB4A-2751-49A3-B7BE-D4C5666FDB44}.Release|Any CPU.ActiveCfg = Release|Any CPU
		{70F2DB4A-2751-49A3-B7BE-D4C5666FDB44}.Release|x64.ActiveCfg = Release|Any CPU
		{70F2DB4A-2751-49A3-B7BE-D4C5666FDB44}.Release|x86.ActiveCfg = Release|Any CPU
	EndGlobalSection
	GlobalSection(SolutionProperties) = preSolution
		HideSolutionNode = FALSE
	EndGlobalSection
	GlobalSection(ExtensibilityGlobals) = postSolution
		SolutionGuid = {692B9E3A-E663-4562-BC61-421C9BB97FB9}
	EndGlobalSection
EndGlobal
